
Microsoft Visual Studio Solution File, Format Version 12.00
# Visual Studio 15
VisualStudioVersion = 15.0.28307.852
MinimumVisualStudioVersion = 10.0.40219.1
Project("{8BC9CEB8-8B4A-11D0-8D11-00A0C91BC942}") = "lista4", "lista4\lista4.vcxproj", "{F9EBBFD1-E9D5-41E0-A03E-CCEE376379B9}"
EndProject
Global
	GlobalSection(SolutionConfigurationPlatforms) = preSolution
		Debug|x64 = Debug|x64
		Debug|x86 = Debug|x86
		Release|x64 = Release|x64
		Release|x86 = Release|x86
	EndGlobalSection
	GlobalSection(ProjectConfigurationPlatforms) = postSolution
		{F9EBBFD1-E9D5-41E0-A03E-CCEE376379B9}.Debug|x64.ActiveCfg = Debug|x64
		{F9EBBFD1-E9D5-41E0-A03E-CCEE376379B9}.Debug|x64.Build.0 = Debug|x64
		{F9EBBFD1-E9D5-41E0-A03E-CCEE376379B9}.Debug|x86.ActiveCfg = Debug|Win32
		{F9EBBFD1-E9D5-41E0-A03E-CCEE376379B9}.Debug|x86.Build.0 = Debug|Win32
		{F9EBBFD1-E9D5-41E0-A03E-CCEE376379B9}.Release|x64.ActiveCfg = Release|x64
		{F9EBBFD1-E9D5-41E0-A03E-CCEE376379B9}.Release|x64.Build.0 = Release|x64
		{F9EBBFD1-E9D5-41E0-A03E-CCEE376379B9}.Release|x86.ActiveCfg = Release|Win32
		{F9EBBFD1-E9D5-41E0-A03E-CCEE376379B9}.Release|x86.Build.0 = Release|Win32
	EndGlobalSection
	GlobalSection(SolutionProperties) = preSolution
		HideSolutionNode = FALSE
	EndGlobalSection
	GlobalSection(ExtensibilityGlobals) = postSolution
		SolutionGuid = {4EBDE014-45BF-43EF-9F82-566F06830A97}
	EndGlobalSection
EndGlobal
