
Microsoft Visual Studio Solution File, Format Version 12.00
# Visual Studio 15
VisualStudioVersion = 15.0.28307.852
MinimumVisualStudioVersion = 10.0.40219.1
Project("{8BC9CEB8-8B4A-11D0-8D11-00A0C91BC942}") = "lista1_zajecia", "lista1_zajecia\lista1_zajecia.vcxproj", "{CBB57169-D31A-4D0A-989A-E2D881828904}"
EndProject
Global
	GlobalSection(SolutionConfigurationPlatforms) = preSolution
		Debug|x64 = Debug|x64
		Debug|x86 = Debug|x86
		Release|x64 = Release|x64
		Release|x86 = Release|x86
	EndGlobalSection
	GlobalSection(ProjectConfigurationPlatforms) = postSolution
		{CBB57169-D31A-4D0A-989A-E2D881828904}.Debug|x64.ActiveCfg = Debug|x64
		{CBB57169-D31A-4D0A-989A-E2D881828904}.Debug|x64.Build.0 = Debug|x64
		{CBB57169-D31A-4D0A-989A-E2D881828904}.Debug|x86.ActiveCfg = Debug|Win32
		{CBB57169-D31A-4D0A-989A-E2D881828904}.Debug|x86.Build.0 = Debug|Win32
		{CBB57169-D31A-4D0A-989A-E2D881828904}.Release|x64.ActiveCfg = Release|x64
		{CBB57169-D31A-4D0A-989A-E2D881828904}.Release|x64.Build.0 = Release|x64
		{CBB57169-D31A-4D0A-989A-E2D881828904}.Release|x86.ActiveCfg = Release|Win32
		{CBB57169-D31A-4D0A-989A-E2D881828904}.Release|x86.Build.0 = Release|Win32
	EndGlobalSection
	GlobalSection(SolutionProperties) = preSolution
		HideSolutionNode = FALSE
	EndGlobalSection
	GlobalSection(ExtensibilityGlobals) = postSolution
		SolutionGuid = {D1AF2968-EBC0-45F0-B5CB-A54AC434E111}
	EndGlobalSection
EndGlobal
