
Microsoft Visual Studio Solution File, Format Version 12.00
# Visual Studio 15
VisualStudioVersion = 15.0.28307.852
MinimumVisualStudioVersion = 10.0.40219.1
Project("{8BC9CEB8-8B4A-11D0-8D11-00A0C91BC942}") = "lista9", "lista9\lista9.vcxproj", "{002CD329-040A-4821-8F55-65811DE42488}"
EndProject
Global
	GlobalSection(SolutionConfigurationPlatforms) = preSolution
		Debug|x64 = Debug|x64
		Debug|x86 = Debug|x86
		Release|x64 = Release|x64
		Release|x86 = Release|x86
	EndGlobalSection
	GlobalSection(ProjectConfigurationPlatforms) = postSolution
		{002CD329-040A-4821-8F55-65811DE42488}.Debug|x64.ActiveCfg = Debug|x64
		{002CD329-040A-4821-8F55-65811DE42488}.Debug|x64.Build.0 = Debug|x64
		{002CD329-040A-4821-8F55-65811DE42488}.Debug|x86.ActiveCfg = Debug|Win32
		{002CD329-040A-4821-8F55-65811DE42488}.Debug|x86.Build.0 = Debug|Win32
		{002CD329-040A-4821-8F55-65811DE42488}.Release|x64.ActiveCfg = Release|x64
		{002CD329-040A-4821-8F55-65811DE42488}.Release|x64.Build.0 = Release|x64
		{002CD329-040A-4821-8F55-65811DE42488}.Release|x86.ActiveCfg = Release|Win32
		{002CD329-040A-4821-8F55-65811DE42488}.Release|x86.Build.0 = Release|Win32
	EndGlobalSection
	GlobalSection(SolutionProperties) = preSolution
		HideSolutionNode = FALSE
	EndGlobalSection
	GlobalSection(ExtensibilityGlobals) = postSolution
		SolutionGuid = {083688B4-9D95-43EA-BC7B-DB45BEC8B8A0}
	EndGlobalSection
EndGlobal
